
Microsoft Visual Studio Solution File, Format Version 12.00
# Visual Studio Version 17
VisualStudioVersion = 17.3.32825.248
MinimumVisualStudioVersion = 10.0.40219.1
Project("{2150E333-8FDC-42A3-9474-1A3956D46DE8}") = "Shop", "Shop", "{BB014F53-D253-402F-BD7F-DAA31CD046F8}"
EndProject
Project("{9A19103F-16F7-4668-BE54-9A1E7A4F7556}") = "Domain", "Shop\Domain\Domain.csproj", "{18BE4799-C4B4-43ED-9C55-AAB5A7760393}"
EndProject
Project("{9A19103F-16F7-4668-BE54-9A1E7A4F7556}") = "Query", "Shop\Query\Query.csproj", "{003617A6-3151-40F6-A16B-A2FEAFEF8815}"
EndProject
Project("{9A19103F-16F7-4668-BE54-9A1E7A4F7556}") = "Application", "Shop\Application\Application.csproj", "{95F24488-92E9-47B8-8C2F-17EBED6D8842}"
EndProject
Project("{9A19103F-16F7-4668-BE54-9A1E7A4F7556}") = "Presentation.Facade", "Shop\Presentation.Facade\Presentation.Facade.csproj", "{716231A3-36F9-4C55-802B-716FCA308DB4}"
EndProject
Project("{2150E333-8FDC-42A3-9474-1A3956D46DE8}") = "Common", "Common", "{4C246FDD-C0C9-4E3F-98AC-20225A9CC1BC}"
EndProject
Project("{9A19103F-16F7-4668-BE54-9A1E7A4F7556}") = "Common.Domain", "Common\Common.Domain\Common.Domain.csproj", "{85018420-0C24-4FC9-B956-FA5663413E09}"
EndProject
Project("{9A19103F-16F7-4668-BE54-9A1E7A4F7556}") = "Infrastructure", "Shop\Infrastructure\Infrastructure.csproj", "{560917CF-D66B-49A2-A1FB-209C79F930D7}"
EndProject
Project("{9A19103F-16F7-4668-BE54-9A1E7A4F7556}") = "Config", "Shop\Config\Config.csproj", "{DE9AD5E1-0BAF-4830-A288-77CE2735EB64}"
EndProject
Project("{9A19103F-16F7-4668-BE54-9A1E7A4F7556}") = "Common.Application", "Common\Common.Application\Common.Application.csproj", "{A8B191AA-1D93-4D36-8316-6E4236C1CA28}"
EndProject
Project("{9A19103F-16F7-4668-BE54-9A1E7A4F7556}") = "Common.Query", "Common\Common.Query\Common.Query.csproj", "{4E2BAFEB-F1B7-4208-9440-9C004957F684}"
EndProject
Project("{2150E333-8FDC-42A3-9474-1A3956D46DE8}") = "EndPoints", "EndPoints", "{A30C768E-73E2-4324-8E99-545A2FBB26FC}"
EndProject
Project("{FAE04EC0-301F-11D3-BF4B-00C04F79EFBC}") = "Api", "Shop\Api\Api.csproj", "{EDB8EAA9-6819-41D2-8ACC-EF8F210B1B81}"
EndProject
Global
	GlobalSection(SolutionConfigurationPlatforms) = preSolution
		Debug|Any CPU = Debug|Any CPU
		Release|Any CPU = Release|Any CPU
	EndGlobalSection
	GlobalSection(ProjectConfigurationPlatforms) = postSolution
		{18BE4799-C4B4-43ED-9C55-AAB5A7760393}.Debug|Any CPU.ActiveCfg = Debug|Any CPU
		{18BE4799-C4B4-43ED-9C55-AAB5A7760393}.Debug|Any CPU.Build.0 = Debug|Any CPU
		{18BE4799-C4B4-43ED-9C55-AAB5A7760393}.Release|Any CPU.ActiveCfg = Release|Any CPU
		{18BE4799-C4B4-43ED-9C55-AAB5A7760393}.Release|Any CPU.Build.0 = Release|Any CPU
		{003617A6-3151-40F6-A16B-A2FEAFEF8815}.Debug|Any CPU.ActiveCfg = Debug|Any CPU
		{003617A6-3151-40F6-A16B-A2FEAFEF8815}.Debug|Any CPU.Build.0 = Debug|Any CPU
		{003617A6-3151-40F6-A16B-A2FEAFEF8815}.Release|Any CPU.ActiveCfg = Release|Any CPU
		{003617A6-3151-40F6-A16B-A2FEAFEF8815}.Release|Any CPU.Build.0 = Release|Any CPU
		{95F24488-92E9-47B8-8C2F-17EBED6D8842}.Debug|Any CPU.ActiveCfg = Debug|Any CPU
		{95F24488-92E9-47B8-8C2F-17EBED6D8842}.Debug|Any CPU.Build.0 = Debug|Any CPU
		{95F24488-92E9-47B8-8C2F-17EBED6D8842}.Release|Any CPU.ActiveCfg = Release|Any CPU
		{95F24488-92E9-47B8-8C2F-17EBED6D8842}.Release|Any CPU.Build.0 = Release|Any CPU
		{716231A3-36F9-4C55-802B-716FCA308DB4}.Debug|Any CPU.ActiveCfg = Debug|Any CPU
		{716231A3-36F9-4C55-802B-716FCA308DB4}.Debug|Any CPU.Build.0 = Debug|Any CPU
		{716231A3-36F9-4C55-802B-716FCA308DB4}.Release|Any CPU.ActiveCfg = Release|Any CPU
		{716231A3-36F9-4C55-802B-716FCA308DB4}.Release|Any CPU.Build.0 = Release|Any CPU
		{85018420-0C24-4FC9-B956-FA5663413E09}.Debug|Any CPU.ActiveCfg = Debug|Any CPU
		{85018420-0C24-4FC9-B956-FA5663413E09}.Debug|Any CPU.Build.0 = Debug|Any CPU
		{85018420-0C24-4FC9-B956-FA5663413E09}.Release|Any CPU.ActiveCfg = Release|Any CPU
		{85018420-0C24-4FC9-B956-FA5663413E09}.Release|Any CPU.Build.0 = Release|Any CPU
		{560917CF-D66B-49A2-A1FB-209C79F930D7}.Debug|Any CPU.ActiveCfg = Debug|Any CPU
		{560917CF-D66B-49A2-A1FB-209C79F930D7}.Debug|Any CPU.Build.0 = Debug|Any CPU
		{560917CF-D66B-49A2-A1FB-209C79F930D7}.Release|Any CPU.ActiveCfg = Release|Any CPU
		{560917CF-D66B-49A2-A1FB-209C79F930D7}.Release|Any CPU.Build.0 = Release|Any CPU
		{DE9AD5E1-0BAF-4830-A288-77CE2735EB64}.Debug|Any CPU.ActiveCfg = Debug|Any CPU
		{DE9AD5E1-0BAF-4830-A288-77CE2735EB64}.Debug|Any CPU.Build.0 = Debug|Any CPU
		{DE9AD5E1-0BAF-4830-A288-77CE2735EB64}.Release|Any CPU.ActiveCfg = Release|Any CPU
		{DE9AD5E1-0BAF-4830-A288-77CE2735EB64}.Release|Any CPU.Build.0 = Release|Any CPU
		{A8B191AA-1D93-4D36-8316-6E4236C1CA28}.Debug|Any CPU.ActiveCfg = Debug|Any CPU
		{A8B191AA-1D93-4D36-8316-6E4236C1CA28}.Debug|Any CPU.Build.0 = Debug|Any CPU
		{A8B191AA-1D93-4D36-8316-6E4236C1CA28}.Release|Any CPU.ActiveCfg = Release|Any CPU
		{A8B191AA-1D93-4D36-8316-6E4236C1CA28}.Release|Any CPU.Build.0 = Release|Any CPU
		{4E2BAFEB-F1B7-4208-9440-9C004957F684}.Debug|Any CPU.ActiveCfg = Debug|Any CPU
		{4E2BAFEB-F1B7-4208-9440-9C004957F684}.Debug|Any CPU.Build.0 = Debug|Any CPU
		{4E2BAFEB-F1B7-4208-9440-9C004957F684}.Release|Any CPU.ActiveCfg = Release|Any CPU
		{4E2BAFEB-F1B7-4208-9440-9C004957F684}.Release|Any CPU.Build.0 = Release|Any CPU
		{EDB8EAA9-6819-41D2-8ACC-EF8F210B1B81}.Debug|Any CPU.ActiveCfg = Debug|Any CPU
		{EDB8EAA9-6819-41D2-8ACC-EF8F210B1B81}.Debug|Any CPU.Build.0 = Debug|Any CPU
		{EDB8EAA9-6819-41D2-8ACC-EF8F210B1B81}.Release|Any CPU.ActiveCfg = Release|Any CPU
		{EDB8EAA9-6819-41D2-8ACC-EF8F210B1B81}.Release|Any CPU.Build.0 = Release|Any CPU
	EndGlobalSection
	GlobalSection(SolutionProperties) = preSolution
		HideSolutionNode = FALSE
	EndGlobalSection
	GlobalSection(NestedProjects) = preSolution
		{18BE4799-C4B4-43ED-9C55-AAB5A7760393} = {BB014F53-D253-402F-BD7F-DAA31CD046F8}
		{003617A6-3151-40F6-A16B-A2FEAFEF8815} = {BB014F53-D253-402F-BD7F-DAA31CD046F8}
		{95F24488-92E9-47B8-8C2F-17EBED6D8842} = {BB014F53-D253-402F-BD7F-DAA31CD046F8}
		{716231A3-36F9-4C55-802B-716FCA308DB4} = {BB014F53-D253-402F-BD7F-DAA31CD046F8}
		{85018420-0C24-4FC9-B956-FA5663413E09} = {4C246FDD-C0C9-4E3F-98AC-20225A9CC1BC}
		{560917CF-D66B-49A2-A1FB-209C79F930D7} = {BB014F53-D253-402F-BD7F-DAA31CD046F8}
		{DE9AD5E1-0BAF-4830-A288-77CE2735EB64} = {BB014F53-D253-402F-BD7F-DAA31CD046F8}
		{A8B191AA-1D93-4D36-8316-6E4236C1CA28} = {4C246FDD-C0C9-4E3F-98AC-20225A9CC1BC}
		{4E2BAFEB-F1B7-4208-9440-9C004957F684} = {4C246FDD-C0C9-4E3F-98AC-20225A9CC1BC}
		{A30C768E-73E2-4324-8E99-545A2FBB26FC} = {BB014F53-D253-402F-BD7F-DAA31CD046F8}
		{EDB8EAA9-6819-41D2-8ACC-EF8F210B1B81} = {A30C768E-73E2-4324-8E99-545A2FBB26FC}
	EndGlobalSection
	GlobalSection(ExtensibilityGlobals) = postSolution
		SolutionGuid = {6D1EB692-C1F8-4146-ACF1-8E219696535B}
	EndGlobalSection
EndGlobal
